
Microsoft Visual Studio Solution File, Format Version 12.00
# Visual Studio 14
VisualStudioVersion = 14.0.25420.1
MinimumVisualStudioVersion = 10.0.40219.1
Project("{FAE04EC0-301F-11D3-BF4B-00C04F79EFBC}") = "WebServiceDemo", "WebServiceDemo\WebServiceDemo.csproj", "{2ACB75C8-8361-47F1-8382-9850F82EFAB3}"
EndProject
Global
	GlobalSection(SolutionConfigurationPlatforms) = preSolution
		Debug|Any CPU = Debug|Any CPU
		Release|Any CPU = Release|Any CPU
	EndGlobalSection
	GlobalSection(ProjectConfigurationPlatforms) = postSolution
		{2ACB75C8-8361-47F1-8382-9850F82EFAB3}.Debug|Any CPU.ActiveCfg = Debug|Any CPU
		{2ACB75C8-8361-47F1-8382-9850F82EFAB3}.Debug|Any CPU.Build.0 = Debug|Any CPU
		{2ACB75C8-8361-47F1-8382-9850F82EFAB3}.Release|Any CPU.ActiveCfg = Release|Any CPU
		{2ACB75C8-8361-47F1-8382-9850F82EFAB3}.Release|Any CPU.Build.0 = Release|Any CPU
	EndGlobalSection
	GlobalSection(SolutionProperties) = preSolution
		HideSolutionNode = FALSE
	EndGlobalSection
EndGlobal
